
Microsoft Visual Studio Solution File, Format Version 12.00
# Visual Studio 14
VisualStudioVersion = 14.0.25420.1
MinimumVisualStudioVersion = 10.0.40219.1
Project("{FAE04EC0-301F-11D3-BF4B-00C04F79EFBC}") = "ThreadTest.FalseSharing", "ThreadTest.FalseSharing\ThreadTest.FalseSharing.csproj", "{B4654076-256C-418C-A783-682CC64D0BB7}"
EndProject
Project("{FAE04EC0-301F-11D3-BF4B-00C04F79EFBC}") = "ThreadTest.Volatile", "ThreadTest.Volotile\ThreadTest.Volatile.csproj", "{CB6F49DC-256B-4308-91FF-85A7503777CB}"
EndProject
Project("{FAE04EC0-301F-11D3-BF4B-00C04F79EFBC}") = "ThreadTest.SyncCost", "ThreadTest.SyncCost\ThreadTest.SyncCost.csproj", "{0D1D1EC2-AE60-4506-8CFA-2145D3575AFA}"
EndProject
Project("{FAE04EC0-301F-11D3-BF4B-00C04F79EFBC}") = "ThreadTest.BranchPrediction", "ThreadTest.BranchPrediction\ThreadTest.BranchPrediction.csproj", "{03489364-283D-45A5-A925-CFA354F6DD73}"
EndProject
Project("{FAE04EC0-301F-11D3-BF4B-00C04F79EFBC}") = "ThreadTest.BlockingCollection", "ThreadTest.DotTraceDemo\ThreadTest.BlockingCollection.csproj", "{E6143C38-B10D-405D-85F4-020F6BF5EB37}"
EndProject
Project("{FAE04EC0-301F-11D3-BF4B-00C04F79EFBC}") = "ThreadTest.DotTraceDemo", "ThreadTests.DotTraceDemo2\ThreadTest.DotTraceDemo.csproj", "{C42151D8-3C26-4C46-9157-38A67E4BD338}"
EndProject
Project("{FAE04EC0-301F-11D3-BF4B-00C04F79EFBC}") = "ThreadTest.TaskDeadlock", "ThreadTest.TaskDeadlock\ThreadTest.TaskDeadlock.csproj", "{D9D8A220-29A2-45B5-BD78-2A11EC0D1AB4}"
EndProject
Project("{FAE04EC0-301F-11D3-BF4B-00C04F79EFBC}") = "ThreadTest.BusyWait", "ThreadTest.BusyWait\ThreadTest.BusyWait.csproj", "{0549AFD2-E393-453E-821D-E3D69308D11E}"
EndProject
Global
	GlobalSection(SolutionConfigurationPlatforms) = preSolution
		Debug|Any CPU = Debug|Any CPU
		Release|Any CPU = Release|Any CPU
	EndGlobalSection
	GlobalSection(ProjectConfigurationPlatforms) = postSolution
		{B4654076-256C-418C-A783-682CC64D0BB7}.Debug|Any CPU.ActiveCfg = Debug|Any CPU
		{B4654076-256C-418C-A783-682CC64D0BB7}.Debug|Any CPU.Build.0 = Debug|Any CPU
		{B4654076-256C-418C-A783-682CC64D0BB7}.Release|Any CPU.ActiveCfg = Release|Any CPU
		{B4654076-256C-418C-A783-682CC64D0BB7}.Release|Any CPU.Build.0 = Release|Any CPU
		{CB6F49DC-256B-4308-91FF-85A7503777CB}.Debug|Any CPU.ActiveCfg = Debug|Any CPU
		{CB6F49DC-256B-4308-91FF-85A7503777CB}.Debug|Any CPU.Build.0 = Debug|Any CPU
		{CB6F49DC-256B-4308-91FF-85A7503777CB}.Release|Any CPU.ActiveCfg = Release|Any CPU
		{CB6F49DC-256B-4308-91FF-85A7503777CB}.Release|Any CPU.Build.0 = Release|Any CPU
		{0D1D1EC2-AE60-4506-8CFA-2145D3575AFA}.Debug|Any CPU.ActiveCfg = Debug|Any CPU
		{0D1D1EC2-AE60-4506-8CFA-2145D3575AFA}.Debug|Any CPU.Build.0 = Debug|Any CPU
		{0D1D1EC2-AE60-4506-8CFA-2145D3575AFA}.Release|Any CPU.ActiveCfg = Release|Any CPU
		{0D1D1EC2-AE60-4506-8CFA-2145D3575AFA}.Release|Any CPU.Build.0 = Release|Any CPU
		{03489364-283D-45A5-A925-CFA354F6DD73}.Debug|Any CPU.ActiveCfg = Debug|Any CPU
		{03489364-283D-45A5-A925-CFA354F6DD73}.Debug|Any CPU.Build.0 = Debug|Any CPU
		{03489364-283D-45A5-A925-CFA354F6DD73}.Release|Any CPU.ActiveCfg = Release|Any CPU
		{03489364-283D-45A5-A925-CFA354F6DD73}.Release|Any CPU.Build.0 = Release|Any CPU
		{E6143C38-B10D-405D-85F4-020F6BF5EB37}.Debug|Any CPU.ActiveCfg = Debug|Any CPU
		{E6143C38-B10D-405D-85F4-020F6BF5EB37}.Debug|Any CPU.Build.0 = Debug|Any CPU
		{E6143C38-B10D-405D-85F4-020F6BF5EB37}.Release|Any CPU.ActiveCfg = Release|Any CPU
		{E6143C38-B10D-405D-85F4-020F6BF5EB37}.Release|Any CPU.Build.0 = Release|Any CPU
		{C42151D8-3C26-4C46-9157-38A67E4BD338}.Debug|Any CPU.ActiveCfg = Debug|Any CPU
		{C42151D8-3C26-4C46-9157-38A67E4BD338}.Debug|Any CPU.Build.0 = Debug|Any CPU
		{C42151D8-3C26-4C46-9157-38A67E4BD338}.Release|Any CPU.ActiveCfg = Release|Any CPU
		{C42151D8-3C26-4C46-9157-38A67E4BD338}.Release|Any CPU.Build.0 = Release|Any CPU
		{D9D8A220-29A2-45B5-BD78-2A11EC0D1AB4}.Debug|Any CPU.ActiveCfg = Debug|Any CPU
		{D9D8A220-29A2-45B5-BD78-2A11EC0D1AB4}.Debug|Any CPU.Build.0 = Debug|Any CPU
		{D9D8A220-29A2-45B5-BD78-2A11EC0D1AB4}.Release|Any CPU.ActiveCfg = Release|Any CPU
		{D9D8A220-29A2-45B5-BD78-2A11EC0D1AB4}.Release|Any CPU.Build.0 = Release|Any CPU
		{0549AFD2-E393-453E-821D-E3D69308D11E}.Debug|Any CPU.ActiveCfg = Debug|Any CPU
		{0549AFD2-E393-453E-821D-E3D69308D11E}.Debug|Any CPU.Build.0 = Debug|Any CPU
		{0549AFD2-E393-453E-821D-E3D69308D11E}.Release|Any CPU.ActiveCfg = Release|Any CPU
		{0549AFD2-E393-453E-821D-E3D69308D11E}.Release|Any CPU.Build.0 = Release|Any CPU
	EndGlobalSection
	GlobalSection(SolutionProperties) = preSolution
		HideSolutionNode = FALSE
	EndGlobalSection
EndGlobal
